
Microsoft Visual Studio Solution File, Format Version 12.00
# Visual Studio Version 16
VisualStudioVersion = 16.0.31729.503
MinimumVisualStudioVersion = 10.0.40219.1
Project("{FAE04EC0-301F-11D3-BF4B-00C04F79EFBC}") = "Day22Reflection", "Day22Reflection\Day22Reflection.csproj", "{72BB8D62-8E23-4A5C-A422-1F60B4201439}"
EndProject
Global
	GlobalSection(SolutionConfigurationPlatforms) = preSolution
		Debug|Any CPU = Debug|Any CPU
		Release|Any CPU = Release|Any CPU
	EndGlobalSection
	GlobalSection(ProjectConfigurationPlatforms) = postSolution
		{72BB8D62-8E23-4A5C-A422-1F60B4201439}.Debug|Any CPU.ActiveCfg = Debug|Any CPU
		{72BB8D62-8E23-4A5C-A422-1F60B4201439}.Debug|Any CPU.Build.0 = Debug|Any CPU
		{72BB8D62-8E23-4A5C-A422-1F60B4201439}.Release|Any CPU.ActiveCfg = Release|Any CPU
		{72BB8D62-8E23-4A5C-A422-1F60B4201439}.Release|Any CPU.Build.0 = Release|Any CPU
	EndGlobalSection
	GlobalSection(SolutionProperties) = preSolution
		HideSolutionNode = FALSE
	EndGlobalSection
	GlobalSection(ExtensibilityGlobals) = postSolution
		SolutionGuid = {786942A5-BC49-4EC2-A32D-513BE3B57C09}
	EndGlobalSection
EndGlobal
